
Microsoft Visual Studio Solution File, Format Version 11.00
# Visual Studio 2010
Project("{FAE04EC0-301F-11D3-BF4B-00C04F79EFBC}") = "WcfServiceLibrary1", "WcfServiceLibrary1\WcfServiceLibrary1.csproj", "{B66B2DEC-036B-4CA7-BB55-AD29FB9A0A4C}"
EndProject
Project("{FAE04EC0-301F-11D3-BF4B-00C04F79EFBC}") = "MvcApplication1", "MvcApplication1\MvcApplication1.csproj", "{671E0A7A-F5A3-446E-830B-8962C38001EB}"
	ProjectSection(ProjectDependencies) = postProject
		{B66B2DEC-036B-4CA7-BB55-AD29FB9A0A4C} = {B66B2DEC-036B-4CA7-BB55-AD29FB9A0A4C}
	EndProjectSection
EndProject
Global
	GlobalSection(SolutionConfigurationPlatforms) = preSolution
		Debug|Any CPU = Debug|Any CPU
		Release|Any CPU = Release|Any CPU
	EndGlobalSection
	GlobalSection(ProjectConfigurationPlatforms) = postSolution
		{B66B2DEC-036B-4CA7-BB55-AD29FB9A0A4C}.Debug|Any CPU.ActiveCfg = Debug|Any CPU
		{B66B2DEC-036B-4CA7-BB55-AD29FB9A0A4C}.Debug|Any CPU.Build.0 = Debug|Any CPU
		{B66B2DEC-036B-4CA7-BB55-AD29FB9A0A4C}.Release|Any CPU.ActiveCfg = Release|Any CPU
		{B66B2DEC-036B-4CA7-BB55-AD29FB9A0A4C}.Release|Any CPU.Build.0 = Release|Any CPU
		{671E0A7A-F5A3-446E-830B-8962C38001EB}.Debug|Any CPU.ActiveCfg = Debug|Any CPU
		{671E0A7A-F5A3-446E-830B-8962C38001EB}.Debug|Any CPU.Build.0 = Debug|Any CPU
		{671E0A7A-F5A3-446E-830B-8962C38001EB}.Release|Any CPU.ActiveCfg = Release|Any CPU
		{671E0A7A-F5A3-446E-830B-8962C38001EB}.Release|Any CPU.Build.0 = Release|Any CPU
	EndGlobalSection
	GlobalSection(SolutionProperties) = preSolution
		HideSolutionNode = FALSE
	EndGlobalSection
EndGlobal
